
Microsoft Visual Studio Solution File, Format Version 12.00
# Visual Studio Version 17
VisualStudioVersion = 17.11.35312.102
MinimumVisualStudioVersion = 10.0.40219.1
Project("{FAE04EC0-301F-11D3-BF4B-00C04F79EFBC}") = "UniversityApp", "UniversityApp\UniversityApp.csproj", "{5F1D984E-C6DD-43A2-82B4-6B30E2426A15}"
EndProject
Global
	GlobalSection(SolutionConfigurationPlatforms) = preSolution
		Debug|Any CPU = Debug|Any CPU
		Release|Any CPU = Release|Any CPU
	EndGlobalSection
	GlobalSection(ProjectConfigurationPlatforms) = postSolution
		{5F1D984E-C6DD-43A2-82B4-6B30E2426A15}.Debug|Any CPU.ActiveCfg = Debug|Any CPU
		{5F1D984E-C6DD-43A2-82B4-6B30E2426A15}.Debug|Any CPU.Build.0 = Debug|Any CPU
		{5F1D984E-C6DD-43A2-82B4-6B30E2426A15}.Release|Any CPU.ActiveCfg = Release|Any CPU
		{5F1D984E-C6DD-43A2-82B4-6B30E2426A15}.Release|Any CPU.Build.0 = Release|Any CPU
	EndGlobalSection
	GlobalSection(SolutionProperties) = preSolution
		HideSolutionNode = FALSE
	EndGlobalSection
	GlobalSection(ExtensibilityGlobals) = postSolution
		SolutionGuid = {E66FE336-7190-4B0C-8AA4-D5B260EAB2D1}
	EndGlobalSection
EndGlobal
